
Microsoft Visual Studio Solution File, Format Version 12.00
# Visual Studio Version 17
VisualStudioVersion = 17.7.34031.279
MinimumVisualStudioVersion = 10.0.40219.1
Project("{FAE04EC0-301F-11D3-BF4B-00C04F79EFBC}") = "GULP", "GULP\GULP.csproj", "{10A114B8-3188-48D1-9219-6F01DA430806}"
EndProject
Global
	GlobalSection(SolutionConfigurationPlatforms) = preSolution
		Debug|Any CPU = Debug|Any CPU
		Release|Any CPU = Release|Any CPU
	EndGlobalSection
	GlobalSection(ProjectConfigurationPlatforms) = postSolution
		{10A114B8-3188-48D1-9219-6F01DA430806}.Debug|Any CPU.ActiveCfg = Debug|Any CPU
		{10A114B8-3188-48D1-9219-6F01DA430806}.Debug|Any CPU.Build.0 = Debug|Any CPU
		{10A114B8-3188-48D1-9219-6F01DA430806}.Release|Any CPU.ActiveCfg = Release|Any CPU
		{10A114B8-3188-48D1-9219-6F01DA430806}.Release|Any CPU.Build.0 = Release|Any CPU
	EndGlobalSection
	GlobalSection(SolutionProperties) = preSolution
		HideSolutionNode = FALSE
	EndGlobalSection
	GlobalSection(ExtensibilityGlobals) = postSolution
		SolutionGuid = {FB5C7C09-54D3-41E8-905F-ED375CA16C15}
	EndGlobalSection
EndGlobal
